lockfileVersion: '9.0'

settings:
  autoInstallPeers: true
  excludeLinksFromLockfile: false

importers:

  .:
    dependencies:
      aws-cdk-lib:
        specifier: ^2.160.0
        version: 2.261.0(constructs@10.7.0)
      constructs:
        specifier: ^10.0.0
        version: 10.7.0
      source-map-support:
        specifier: ^0.5.21
        version: 0.5.21
    devDependencies:
      '@types/node':
        specifier: ^20.0.0
        version: 20.19.43
      aws-cdk:
        specifier: ^2.160.0
        version: 2.1131.0
      typescript:
        specifier: ^5.0.0
        version: 5.9.3

packages:

  '@aws-cdk/asset-awscli-v1@2.2.282':
    resolution: {integrity: sha512-7hKMi5tTxDcKGIMIOq14PnY0GBcugW33Uh/2YHDZiEwSxLeFOCYBwhR+BFXONb/EJeVI3RETFgailNZbkcKF6g==}

  '@aws-cdk/asset-node-proxy-agent-v6@2.1.2':
    resolution: {integrity: sha512-pDiuqH+qY3zM9lhhLjbKJ1tnKOHzQ2V4Wr/3qsxyKeKAkuPMI/BVGvZG1PbrikUw949cGVTfVEt4ETKKYnrj0Q==}

  '@aws-cdk/cloud-assembly-schema@54.11.0':
    resolution: {integrity: sha512-qpkGINVp8CIaXXkEX5sPmARPk8bbvCFXhMHm/Nmae3K3V+OzDVthntuFVwGxl/jzfdrKPIhbkE9Mrxk+f1mK3A==}
    engines: {node: '>= 18.0.0'}
    bundledDependencies:
      - jsonschema
      - semver

  '@types/node@20.19.43':
    resolution: {integrity: sha512-6oYBAi5ikg4Pl+kGsoYtawUMBT2zZMCvPNF7pVLnHZfd1zf38DRiWn/gT01RYCdUqkv7Fhr+C9ot4/tb+2sVvA==}

  aws-cdk-lib@2.261.0:
    resolution: {integrity: sha512-e52e3Abjg0HkuRWlWwtSv5+ZiMW1rhCDdL9ff7lzWXInU8xdfLJpuoimfa0IJwjiNGyphppgg52Azx9M80OA0g==}
    engines: {node: '>= 20.0.0'}
    peerDependencies:
      constructs: ^10.5.0
    bundledDependencies:
      - '@balena/dockerignore'
      - '@aws-cdk/cloud-assembly-api'
      - case
      - fs-extra
      - ignore
      - jsonschema
      - minimatch
      - punycode
      - semver
      - yaml
      - mime-types

  aws-cdk@2.1131.0:
    resolution: {integrity: sha512-02oAVG4IBFwPtPlDE95H8tDJFfDuxJLdvyrdav6rn72mup/LIZRCfp95IB9kfM+FL4vQ9gn/QCEI7y7aNDTpKA==}
    engines: {node: '>= 18.0.0'}
    hasBin: true

  buffer-from@1.1.2:
    resolution: {integrity: sha512-E+XQCRwSbaaiChtv6k6Dwgc+bx+Bs6vuKJHHl5kox/BaKbhiXzqQOwK4cO22yElGp2OCmjwVhT3HmxgyPGnJfQ==}

  constructs@10.7.0:
    resolution: {integrity: sha512-Vzwc30bMywc7DCzX8XOyuZbsBmfXTCrn6HHmhhELZK1J5dnUWwJ5uL7hBXGGq7xFPVOOO6cs9FwaxOshAxgcWQ==}

  source-map-support@0.5.21:
    resolution: {integrity: sha512-uBHU3L3czsIyYXKX88fdrGovxdSCoTGDRZ6SYXtSRxLZUzHg5P/66Ht6uoUlHu9EZod+inXhKo3qQgwXUT/y1w==}

  source-map@0.6.1:
    resolution: {integrity: sha512-UjgapumWlbMhkBgzT7Ykc5YXUT46F0iKu8SGXq0bcwP5dz/h0Plj6enJqjz1Zbq2l5WaqYnrVbwWOWMyF3F47g==}
    engines: {node: '>=0.10.0'}

  typescript@5.9.3:
    resolution: {integrity: sha512-jl1vZzPDinLr9eUt3J/t7V6FgNEw9QjvBPdysz9KfQDD41fQrC2Y4vKQdiaUpFT4bXlb1RHhLpp8wtm6M5TgSw==}
    engines: {node: '>=14.17'}
    hasBin: true

  undici-types@6.21.0:
    resolution: {integrity: sha512-iwDZqg0QAGrg9Rav5H4n0M64c3mkR59cJ6wQp+7C4nI0gsmExaedaYLNO44eT4AtBBwjbTiGPMlt2Md0T9H9JQ==}

snapshots:

  '@aws-cdk/asset-awscli-v1@2.2.282': {}

  '@aws-cdk/asset-node-proxy-agent-v6@2.1.2': {}

  '@aws-cdk/cloud-assembly-schema@54.11.0': {}

  '@types/node@20.19.43':
    dependencies:
      undici-types: 6.21.0

  aws-cdk-lib@2.261.0(constructs@10.7.0):
    dependencies:
      '@aws-cdk/asset-awscli-v1': 2.2.282
      '@aws-cdk/asset-node-proxy-agent-v6': 2.1.2
      '@aws-cdk/cloud-assembly-schema': 54.11.0
      constructs: 10.7.0

  aws-cdk@2.1131.0: {}

  buffer-from@1.1.2: {}

  constructs@10.7.0: {}

  source-map-support@0.5.21:
    dependencies:
      buffer-from: 1.1.2
      source-map: 0.6.1

  source-map@0.6.1: {}

  typescript@5.9.3: {}

  undici-types@6.21.0: {}
